
Microsoft Visual Studio Solution File, Format Version 12.00
# Visual Studio Version 17
VisualStudioVersion = 17.1.32407.343
MinimumVisualStudioVersion = 10.0.40219.1
Project("{2150E333-8FDC-42A3-9474-1A3956D46DE8}") = "IdentityServer", "IdentityServer", "{68987C45-91EB-4DB7-B7D2-CF1273CACA30}"
EndProject
Project("{2150E333-8FDC-42A3-9474-1A3956D46DE8}") = "FileManager", "FileManager", "{CA671557-CDD2-4B41-986B-7D66BA7169D0}"
EndProject
Project("{2150E333-8FDC-42A3-9474-1A3956D46DE8}") = "FrontEnd", "FrontEnd", "{86AF2339-7F8C-4315-A9A4-CD44684B3E70}"
EndProject
Project("{54A90642-561A-4BB1-A94E-469ADEE60C69}") = "AE.EIS.Main.Application", "AE.EIS.Main.Application\AE.EIS.Main.Application.esproj", "{9D52F6F3-7D5A-4F4B-B759-3835FFCBBD90}"
EndProject
Project("{54A90642-561A-4BB1-A94E-469ADEE60C69}") = "AE.EIS.Identity.Application", "AE.EIS.Identity.Application\AE.EIS.Identity.Application.esproj", "{0C948318-437C-41FD-9F43-D928476CC506}"
EndProject
Project("{2150E333-8FDC-42A3-9474-1A3956D46DE8}") = "src", "src", "{3B34CDBB-FF27-4991-B4C3-6BD206BDF256}"
EndProject
Project("{2150E333-8FDC-42A3-9474-1A3956D46DE8}") = "test", "test", "{1BFFC5F4-1DCE-409D-91AA-F12A7937933F}"
EndProject
Project("{2150E333-8FDC-42A3-9474-1A3956D46DE8}") = "src", "src", "{7929C153-D0E8-4181-B665-AAB6FB129903}"
EndProject
Project("{2150E333-8FDC-42A3-9474-1A3956D46DE8}") = "test", "test", "{0FF3A9F4-792E-4933-AC57-04525A4C9181}"
EndProject
Project("{FAE04EC0-301F-11D3-BF4B-00C04F79EFBC}") = "AE.EIS.McrSrvc.FileManager", "AE.EIS.McrSrvc.FileManager\AE.EIS.McrSrvc.FileManager.csproj", "{32C6DFD9-152F-4F0E-BE0A-5C9AF19762CC}"
EndProject
Project("{FAE04EC0-301F-11D3-BF4B-00C04F79EFBC}") = "AE.EIS.McrSrvc.IdentityServer", "AE.EIS.McrSrvc.IdentityServer\AE.EIS.McrSrvc.IdentityServer.csproj", "{47049C7B-8B47-44CB-B45C-A912CEAE796E}"
EndProject
Project("{2150E333-8FDC-42A3-9474-1A3956D46DE8}") = "Gateway", "Gateway", "{16371258-35EB-48C0-A641-26971C510C28}"
EndProject
Project("{2150E333-8FDC-42A3-9474-1A3956D46DE8}") = "src", "src", "{45FD958E-9584-45FA-8BAF-78EA094C0DCE}"
EndProject
Global
	GlobalSection(SolutionConfigurationPlatforms) = preSolution
		Debug|Any CPU = Debug|Any CPU
		Release|Any CPU = Release|Any CPU
	EndGlobalSection
	GlobalSection(ProjectConfigurationPlatforms) = postSolution
		{9D52F6F3-7D5A-4F4B-B759-3835FFCBBD90}.Debug|Any CPU.ActiveCfg = Debug|Any CPU
		{9D52F6F3-7D5A-4F4B-B759-3835FFCBBD90}.Debug|Any CPU.Build.0 = Debug|Any CPU
		{9D52F6F3-7D5A-4F4B-B759-3835FFCBBD90}.Debug|Any CPU.Deploy.0 = Debug|Any CPU
		{9D52F6F3-7D5A-4F4B-B759-3835FFCBBD90}.Release|Any CPU.ActiveCfg = Release|Any CPU
		{9D52F6F3-7D5A-4F4B-B759-3835FFCBBD90}.Release|Any CPU.Build.0 = Release|Any CPU
		{9D52F6F3-7D5A-4F4B-B759-3835FFCBBD90}.Release|Any CPU.Deploy.0 = Release|Any CPU
		{0C948318-437C-41FD-9F43-D928476CC506}.Debug|Any CPU.ActiveCfg = Debug|Any CPU
		{0C948318-437C-41FD-9F43-D928476CC506}.Debug|Any CPU.Build.0 = Debug|Any CPU
		{0C948318-437C-41FD-9F43-D928476CC506}.Debug|Any CPU.Deploy.0 = Debug|Any CPU
		{0C948318-437C-41FD-9F43-D928476CC506}.Release|Any CPU.ActiveCfg = Release|Any CPU
		{0C948318-437C-41FD-9F43-D928476CC506}.Release|Any CPU.Build.0 = Release|Any CPU
		{0C948318-437C-41FD-9F43-D928476CC506}.Release|Any CPU.Deploy.0 = Release|Any CPU
		{32C6DFD9-152F-4F0E-BE0A-5C9AF19762CC}.Debug|Any CPU.ActiveCfg = Debug|Any CPU
		{32C6DFD9-152F-4F0E-BE0A-5C9AF19762CC}.Debug|Any CPU.Build.0 = Debug|Any CPU
		{32C6DFD9-152F-4F0E-BE0A-5C9AF19762CC}.Release|Any CPU.ActiveCfg = Release|Any CPU
		{32C6DFD9-152F-4F0E-BE0A-5C9AF19762CC}.Release|Any CPU.Build.0 = Release|Any CPU
		{47049C7B-8B47-44CB-B45C-A912CEAE796E}.Debug|Any CPU.ActiveCfg = Debug|Any CPU
		{47049C7B-8B47-44CB-B45C-A912CEAE796E}.Debug|Any CPU.Build.0 = Debug|Any CPU
		{47049C7B-8B47-44CB-B45C-A912CEAE796E}.Release|Any CPU.ActiveCfg = Release|Any CPU
		{47049C7B-8B47-44CB-B45C-A912CEAE796E}.Release|Any CPU.Build.0 = Release|Any CPU
	EndGlobalSection
	GlobalSection(SolutionProperties) = preSolution
		HideSolutionNode = FALSE
	EndGlobalSection
	GlobalSection(NestedProjects) = preSolution
		{9D52F6F3-7D5A-4F4B-B759-3835FFCBBD90} = {86AF2339-7F8C-4315-A9A4-CD44684B3E70}
		{0C948318-437C-41FD-9F43-D928476CC506} = {86AF2339-7F8C-4315-A9A4-CD44684B3E70}
		{3B34CDBB-FF27-4991-B4C3-6BD206BDF256} = {68987C45-91EB-4DB7-B7D2-CF1273CACA30}
		{1BFFC5F4-1DCE-409D-91AA-F12A7937933F} = {68987C45-91EB-4DB7-B7D2-CF1273CACA30}
		{7929C153-D0E8-4181-B665-AAB6FB129903} = {CA671557-CDD2-4B41-986B-7D66BA7169D0}
		{0FF3A9F4-792E-4933-AC57-04525A4C9181} = {CA671557-CDD2-4B41-986B-7D66BA7169D0}
		{32C6DFD9-152F-4F0E-BE0A-5C9AF19762CC} = {7929C153-D0E8-4181-B665-AAB6FB129903}
		{47049C7B-8B47-44CB-B45C-A912CEAE796E} = {3B34CDBB-FF27-4991-B4C3-6BD206BDF256}
		{45FD958E-9584-45FA-8BAF-78EA094C0DCE} = {16371258-35EB-48C0-A641-26971C510C28}
	EndGlobalSection
	GlobalSection(ExtensibilityGlobals) = postSolution
		SolutionGuid = {989A8821-4E13-449E-B099-54E16024D083}
	EndGlobalSection
EndGlobal
